<?xml version="1.0" encoding="utf-8"?>
<Project ToolsVersion="4.0" xmlns="http://schemas.microsoft.com/developer/msbuild/2003">
  <ItemGroup>
    <Filter Include="Source Files">
      <UniqueIdentifier>{4FC737F1-C7A5-4376-A066-2A32D752A2FF}</UniqueIdentifier>
      <Extensions>cpp;c;cc;cxx;def;odl;idl;hpj;bat;asm;asmx</Extensions>
    </Filter>
    <Filter Include="Header Files">
      <UniqueIdentifier>{93995380-89BD-4b04-88EB-625FBE52EBFB}</UniqueIdentifier>
      <Extensions>h;hpp;hxx;hm;inl;inc;xsd</Extensions>
    </Filter>
    <Filter Include="Resource Files">
      <UniqueIdentifier>{67DA6AB6-F800-4c08-8B7A-83BB121AAD01}</UniqueIdentifier>
      <Extensions>rc;ico;cur;bmp;dlg;rc2;rct;bin;rgs;gif;jpg;jpeg;jpe;resx;tiff;tif;png;wav;mfcribbon-ms</Extensions>
    </Filter>
    <Filter Include="Header Files\Unicode">
      <UniqueIdentifier>{da4e806e-c0b1-477a-8bd7-cc807e860309}</UniqueIdentifier>
    </Filter>
    <Filter Include="Header Files\Internal">
      <UniqueIdentifier>{881751af-5e7b-496f-8455-89f965ab3ee3}</UniqueIdentifier>
    </Filter>
  </ItemGroup>
  <ItemGroup>
    <ClInclude Include="targetver.h">
      <Filter>Header Files</Filter>
    </ClInclude>
    <ClInclude Include="ov_string.h">
      <Filter>Header Files</Filter>
    </ClInclude>
    <ClInclude Include="ov_compat.h">
      <Filter>Header Files</Filter>
    </ClInclude>
    <ClInclude Include="ov_type.h">
      <Filter>Header Files</Filter>
    </ClInclude>
    <ClInclude Include="ov_value.h">
      <Filter>Header Files</Filter>
    </ClInclude>
    <ClInclude Include="ov_unicode.h">
      <Filter>Header Files\Unicode</Filter>
    </ClInclude>
    <ClInclude Include="ov_unicode.internal.h">
      <Filter>Header Files\Unicode</Filter>
    </ClInclude>
    <ClInclude Include="ov_vm.h">
      <Filter>Header Files</Filter>
    </ClInclude>
    <ClInclude Include="ov_thread.h">
      <Filter>Header Files</Filter>
    </ClInclude>
    <ClInclude Include="ov_gc.h">
      <Filter>Header Files</Filter>
    </ClInclude>
    <ClInclude Include="ov_module.h">
      <Filter>Header Files</Filter>
    </ClInclude>
    <ClInclude Include="ov_gc.internal.h">
      <Filter>Header Files\Internal</Filter>
    </ClInclude>
    <ClInclude Include="ov_static_strings.internal.h">
      <Filter>Header Files\Internal</Filter>
    </ClInclude>
    <ClInclude Include="ov_thread.internal.h">
      <Filter>Header Files\Internal</Filter>
    </ClInclude>
    <ClInclude Include="ov_type.internal.h">
      <Filter>Header Files\Internal</Filter>
    </ClInclude>
    <ClInclude Include="ov_value.internal.h">
      <Filter>Header Files\Internal</Filter>
    </ClInclude>
    <ClInclude Include="ov_module.internal.h">
      <Filter>Header Files\Internal</Filter>
    </ClInclude>
    <ClInclude Include="string_hash.internal.h">
      <Filter>Header Files\Internal</Filter>
    </ClInclude>
    <ClInclude Include="ov_vm.internal.h">
      <Filter>Header Files\Internal</Filter>
    </ClInclude>
    <ClInclude Include="ov_thread.opcodes.h">
      <Filter>Header Files\Internal</Filter>
    </ClInclude>
    <ClInclude Include="ov_stringbuffer.internal.h">
      <Filter>Header Files\Internal</Filter>
    </ClInclude>
    <ClInclude Include="ov_helpers.h">
      <Filter>Header Files</Filter>
    </ClInclude>
    <ClInclude Include="ov_stringbuffer.h">
      <Filter>Header Files</Filter>
    </ClInclude>
    <ClInclude Include="string_table.internal.h">
      <Filter>Header Files\Internal</Filter>
    </ClInclude>
  </ItemGroup>
  <ItemGroup>
    <ClCompile Include="dllmain.cpp">
      <Filter>Source Files</Filter>
    </ClCompile>
    <ClCompile Include="vm.cpp">
      <Filter>Source Files</Filter>
    </ClCompile>
    <ClCompile Include="value.cpp">
      <Filter>Source Files</Filter>
    </ClCompile>
    <ClCompile Include="type.cpp">
      <Filter>Source Files</Filter>
    </ClCompile>
    <ClCompile Include="unicode.data.cpp">
      <Filter>Source Files</Filter>
    </ClCompile>
    <ClCompile Include="unicode.cpp">
      <Filter>Source Files</Filter>
    </ClCompile>
    <ClCompile Include="string.cpp">
      <Filter>Source Files</Filter>
    </ClCompile>
    <ClCompile Include="gc.cpp">
      <Filter>Source Files</Filter>
    </ClCompile>
    <ClCompile Include="thread.cpp">
      <Filter>Source Files</Filter>
    </ClCompile>
    <ClCompile Include="static_strings.cpp">
      <Filter>Source Files</Filter>
    </ClCompile>
    <ClCompile Include="module.cpp">
      <Filter>Source Files</Filter>
    </ClCompile>
    <ClCompile Include="thread.opcodes.cpp">
      <Filter>Source Files</Filter>
    </ClCompile>
    <ClCompile Include="stringbuffer.cpp">
      <Filter>Source Files</Filter>
    </ClCompile>
    <ClCompile Include="helpers.cpp">
      <Filter>Source Files</Filter>
    </ClCompile>
    <ClCompile Include="string_table.cpp">
      <Filter>Source Files</Filter>
    </ClCompile>
    <ClCompile Include="thread.method_initializer.cpp">
      <Filter>Source Files</Filter>
    </ClCompile>
  </ItemGroup>
</Project>