<?xml version="1.0" encoding="utf-8"?>
<Project ToolsVersion="4.0" xmlns="http://schemas.microsoft.com/developer/msbuild/2003">
  <ItemGroup>
    <Filter Include="Source Files">
      <UniqueIdentifier>{4FC737F1-C7A5-4376-A066-2A32D752A2FF}</UniqueIdentifier>
      <Extensions>cpp;c;cc;cxx;def;odl;idl;hpj;bat;asm;asmx</Extensions>
    </Filter>
    <Filter Include="Header Files">
      <UniqueIdentifier>{93995380-89BD-4b04-88EB-625FBE52EBFB}</UniqueIdentifier>
      <Extensions>h;hpp;hxx;hm;inl;inc;xsd</Extensions>
    </Filter>
    <Filter Include="Source Files\os">
      <UniqueIdentifier>{035d6fea-734f-4a5e-9f07-810cbbc6e8fc}</UniqueIdentifier>
    </Filter>
    <Filter Include="Source Files\os\windows">
      <UniqueIdentifier>{fcec8b00-0df6-4e23-b52f-fb1af50015f3}</UniqueIdentifier>
    </Filter>
    <Filter Include="Header Files\src">
      <UniqueIdentifier>{92a6a12d-8a18-47e3-aeae-6602f0533510}</UniqueIdentifier>
    </Filter>
    <Filter Include="Header Files\src\os">
      <UniqueIdentifier>{9cc4e743-0f34-4be6-a4b4-2d8323d832db}</UniqueIdentifier>
    </Filter>
    <Filter Include="Header Files\src\os\windows">
      <UniqueIdentifier>{5027c15d-862f-4fab-a421-9ac9f6e2f4a8}</UniqueIdentifier>
    </Filter>
    <Filter Include="Header Files\src\os\_template">
      <UniqueIdentifier>{9bda7611-4e5b-4b18-a015-95590361fe53}</UniqueIdentifier>
    </Filter>
    <Filter Include="Header Files\inc">
      <UniqueIdentifier>{5ce89956-3411-466b-a7c9-215cb39cf6aa}</UniqueIdentifier>
    </Filter>
    <Filter Include="Header Files\src\unicode">
      <UniqueIdentifier>{3abf5801-8ae5-4ad0-8a46-37e736dcc30f}</UniqueIdentifier>
    </Filter>
    <Filter Include="Source Files\unicode">
      <UniqueIdentifier>{c47895ed-2183-4abe-81ed-9e48be50f7f4}</UniqueIdentifier>
    </Filter>
    <Filter Include="Header Files\src\ee">
      <UniqueIdentifier>{ffa9032a-9e34-41ac-99bc-0e0c263a5e87}</UniqueIdentifier>
    </Filter>
    <Filter Include="Header Files\src\object">
      <UniqueIdentifier>{9b35715d-127a-458d-96b4-eba7e34f31fe}</UniqueIdentifier>
    </Filter>
    <Filter Include="Header Files\src\debug">
      <UniqueIdentifier>{5c84fe6c-7023-46e7-9e97-8be52f6e9778}</UniqueIdentifier>
    </Filter>
    <Filter Include="Header Files\src\threading">
      <UniqueIdentifier>{508152b2-c8b6-46ac-9fc0-457555c2b71e}</UniqueIdentifier>
    </Filter>
    <Filter Include="Header Files\src\util">
      <UniqueIdentifier>{e771e81c-3f6d-4c79-a6b6-21e79b9868c1}</UniqueIdentifier>
    </Filter>
    <Filter Include="Header Files\src\module">
      <UniqueIdentifier>{2881706a-0c14-4b91-8bfc-40896f53e790}</UniqueIdentifier>
    </Filter>
    <Filter Include="Header Files\src\gc">
      <UniqueIdentifier>{83100e39-cf11-471d-b2ad-07bff71baf12}</UniqueIdentifier>
    </Filter>
    <Filter Include="Source Files\debug">
      <UniqueIdentifier>{3a4bae2c-509f-4fdf-a143-998290213f8a}</UniqueIdentifier>
    </Filter>
    <Filter Include="Source Files\ee">
      <UniqueIdentifier>{2808e904-cf8c-457a-bbff-106a9760576e}</UniqueIdentifier>
    </Filter>
    <Filter Include="Source Files\gc">
      <UniqueIdentifier>{29404543-5c0d-4822-896e-40f245ccba71}</UniqueIdentifier>
    </Filter>
    <Filter Include="Source Files\module">
      <UniqueIdentifier>{8c4f62ec-c97a-48c8-8585-e8b2dcdb2dc3}</UniqueIdentifier>
    </Filter>
    <Filter Include="Source Files\object">
      <UniqueIdentifier>{cf55220c-717d-4a1a-88c5-ca5cc9b2968f}</UniqueIdentifier>
    </Filter>
    <Filter Include="Source Files\threading">
      <UniqueIdentifier>{9a877308-330d-443d-871c-5edd13346834}</UniqueIdentifier>
    </Filter>
    <Filter Include="Source Files\util">
      <UniqueIdentifier>{3e4d5344-6470-407e-b528-f45613967583}</UniqueIdentifier>
    </Filter>
    <Filter Include="Header Files\src\res">
      <UniqueIdentifier>{6402a295-aaea-4749-9038-c7c1538f6758}</UniqueIdentifier>
    </Filter>
    <Filter Include="Source Files\res">
      <UniqueIdentifier>{9a7e0ef0-2048-42a0-bb40-6c94d067d657}</UniqueIdentifier>
    </Filter>
  </ItemGroup>
  <ItemGroup>
    <ClInclude Include="src\os\windows.h">
      <Filter>Header Files\src\os</Filter>
    </ClInclude>
    <ClInclude Include="src\os\windows\def.h">
      <Filter>Header Files\src\os\windows</Filter>
    </ClInclude>
    <ClInclude Include="src\os\_template\def.h">
      <Filter>Header Files\src\os\_template</Filter>
    </ClInclude>
    <ClInclude Include="src\os\_template\filesystem.h">
      <Filter>Header Files\src\os\_template</Filter>
    </ClInclude>
    <ClInclude Include="src\os\_template\mem.h">
      <Filter>Header Files\src\os\_template</Filter>
    </ClInclude>
    <ClInclude Include="src\os\windows\mem.h">
      <Filter>Header Files\src\os\windows</Filter>
    </ClInclude>
    <ClInclude Include="src\os\_template\threading.h">
      <Filter>Header Files\src\os\_template</Filter>
    </ClInclude>
    <ClInclude Include="src\os\windows\threading.h">
      <Filter>Header Files\src\os\windows</Filter>
    </ClInclude>
    <ClInclude Include="src\os\windows\filesystem.h">
      <Filter>Header Files\src\os\windows</Filter>
    </ClInclude>
    <ClInclude Include="inc\ov_unicode.h">
      <Filter>Header Files\inc</Filter>
    </ClInclude>
    <ClInclude Include="inc\ov_compat.h">
      <Filter>Header Files\inc</Filter>
    </ClInclude>
    <ClInclude Include="inc\ov_gc.h">
      <Filter>Header Files\inc</Filter>
    </ClInclude>
    <ClInclude Include="inc\ov_helpers.h">
      <Filter>Header Files\inc</Filter>
    </ClInclude>
    <ClInclude Include="inc\ov_module.h">
      <Filter>Header Files\inc</Filter>
    </ClInclude>
    <ClInclude Include="inc\ov_pathchar.h">
      <Filter>Header Files\inc</Filter>
    </ClInclude>
    <ClInclude Include="inc\ov_string.h">
      <Filter>Header Files\inc</Filter>
    </ClInclude>
    <ClInclude Include="inc\ov_stringbuffer.h">
      <Filter>Header Files\inc</Filter>
    </ClInclude>
    <ClInclude Include="inc\ov_thread.h">
      <Filter>Header Files\inc</Filter>
    </ClInclude>
    <ClInclude Include="inc\ov_type.h">
      <Filter>Header Files\inc</Filter>
    </ClInclude>
    <ClInclude Include="inc\ov_value.h">
      <Filter>Header Files\inc</Filter>
    </ClInclude>
    <ClInclude Include="inc\ov_vm.h">
      <Filter>Header Files\inc</Filter>
    </ClInclude>
    <ClInclude Include="src\os\_template\mmf.h">
      <Filter>Header Files\src\os\_template</Filter>
    </ClInclude>
    <ClInclude Include="src\os\windows\mmf.h">
      <Filter>Header Files\src\os\windows</Filter>
    </ClInclude>
    <ClInclude Include="src\unicode\unicode.h">
      <Filter>Header Files\src\unicode</Filter>
    </ClInclude>
    <ClInclude Include="src\os\_template\dl.h">
      <Filter>Header Files\src\os\_template</Filter>
    </ClInclude>
    <ClInclude Include="src\os\windows\dl.h">
      <Filter>Header Files\src\os\windows</Filter>
    </ClInclude>
    <ClInclude Include="src\gc\gc.h">
      <Filter>Header Files\src\gc</Filter>
    </ClInclude>
    <ClInclude Include="src\ee\instructions.h">
      <Filter>Header Files\src\ee</Filter>
    </ClInclude>
    <ClInclude Include="src\module\membertable.h">
      <Filter>Header Files\src\module</Filter>
    </ClInclude>
    <ClInclude Include="src\ee\methodbuilder.h">
      <Filter>Header Files\src\ee</Filter>
    </ClInclude>
    <ClInclude Include="src\ee\methodinitexception.h">
      <Filter>Header Files\src\ee</Filter>
    </ClInclude>
    <ClInclude Include="src\ee\methodinitializer.h">
      <Filter>Header Files\src\ee</Filter>
    </ClInclude>
    <ClInclude Include="src\module\module.h">
      <Filter>Header Files\src\module</Filter>
    </ClInclude>
    <ClInclude Include="src\module\modulereader.h">
      <Filter>Header Files\src\module</Filter>
    </ClInclude>
    <ClInclude Include="src\ee\refsignature.h">
      <Filter>Header Files\src\ee</Filter>
    </ClInclude>
    <ClInclude Include="src\util\stringbuffer.h">
      <Filter>Header Files\src\util</Filter>
    </ClInclude>
    <ClInclude Include="src\threading\sync.h">
      <Filter>Header Files\src\threading</Filter>
    </ClInclude>
    <ClInclude Include="src\ee\thread.h">
      <Filter>Header Files\src\ee</Filter>
    </ClInclude>
    <ClInclude Include="src\threading\tls.h">
      <Filter>Header Files\src\threading</Filter>
    </ClInclude>
    <ClInclude Include="src\ee\thread.opcodes.h">
      <Filter>Header Files\src\ee</Filter>
    </ClInclude>
    <ClInclude Include="src\object\type.h">
      <Filter>Header Files\src\object</Filter>
    </ClInclude>
    <ClInclude Include="src\object\value.h">
      <Filter>Header Files\src\object</Filter>
    </ClInclude>
    <ClInclude Include="src\vm.h">
      <Filter>Header Files\src</Filter>
    </ClInclude>
    <ClInclude Include="src\util\pathname.h">
      <Filter>Header Files\src\util</Filter>
    </ClInclude>
    <ClInclude Include="src\debug\debugsymbols.h">
      <Filter>Header Files\src\debug</Filter>
    </ClInclude>
    <ClInclude Include="src\gc\stringtable.h">
      <Filter>Header Files\src\gc</Filter>
    </ClInclude>
    <ClInclude Include="src\res\staticstrings.h">
      <Filter>Header Files\src\res</Filter>
    </ClInclude>
    <ClInclude Include="src\util\stringhash.h">
      <Filter>Header Files\src\util</Filter>
    </ClInclude>
    <ClInclude Include="src\object\member.h">
      <Filter>Header Files\src\object</Filter>
    </ClInclude>
    <ClInclude Include="src\object\field.h">
      <Filter>Header Files\src\object</Filter>
    </ClInclude>
    <ClInclude Include="src\object\property.h">
      <Filter>Header Files\src\object</Filter>
    </ClInclude>
    <ClInclude Include="src\object\method.h">
      <Filter>Header Files\src\object</Filter>
    </ClInclude>
    <ClInclude Include="src\gc\gcobject.h">
      <Filter>Header Files\src\gc</Filter>
    </ClInclude>
    <ClInclude Include="src\gc\staticref.h">
      <Filter>Header Files\src\gc</Filter>
    </ClInclude>
    <ClInclude Include="src\module\modulepool.h">
      <Filter>Header Files\src\module</Filter>
    </ClInclude>
    <ClInclude Include="src\ee\vm.h">
      <Filter>Header Files\src\ee</Filter>
    </ClInclude>
    <ClInclude Include="src\object\standardtypeinfo.h">
      <Filter>Header Files\src\object</Filter>
    </ClInclude>
    <ClInclude Include="inc\ov_main.h">
      <Filter>Header Files\inc</Filter>
    </ClInclude>
  </ItemGroup>
  <ItemGroup>
    <ClCompile Include="src\os\windows\dllmain.cpp">
      <Filter>Source Files\os\windows</Filter>
    </ClCompile>
    <ClCompile Include="src\unicode\unicode.cpp">
      <Filter>Source Files\unicode</Filter>
    </ClCompile>
    <ClCompile Include="src\unicode\unicode.data.cpp">
      <Filter>Source Files\unicode</Filter>
    </ClCompile>
    <ClCompile Include="src\os\windows\windows.cpp">
      <Filter>Source Files\os\windows</Filter>
    </ClCompile>
    <ClCompile Include="src\gc\gc.cpp">
      <Filter>Source Files\gc</Filter>
    </ClCompile>
    <ClCompile Include="src\util\helpers.cpp">
      <Filter>Source Files\util</Filter>
    </ClCompile>
    <ClCompile Include="src\ee\methodbuilder.cpp">
      <Filter>Source Files\ee</Filter>
    </ClCompile>
    <ClCompile Include="src\ee\methodinitializer.cpp">
      <Filter>Source Files\ee</Filter>
    </ClCompile>
    <ClCompile Include="src\ee\instructions.cpp">
      <Filter>Source Files\ee</Filter>
    </ClCompile>
    <ClCompile Include="src\module\module.cpp">
      <Filter>Source Files\module</Filter>
    </ClCompile>
    <ClCompile Include="src\module\modulereader.cpp">
      <Filter>Source Files\module</Filter>
    </ClCompile>
    <ClCompile Include="src\util\pathname.cpp">
      <Filter>Source Files\util</Filter>
    </ClCompile>
    <ClCompile Include="src\object\string.cpp">
      <Filter>Source Files\object</Filter>
    </ClCompile>
    <ClCompile Include="src\ee\thread.cpp">
      <Filter>Source Files\ee</Filter>
    </ClCompile>
    <ClCompile Include="src\ee\vm.cpp">
      <Filter>Source Files\ee</Filter>
    </ClCompile>
    <ClCompile Include="src\util\stringbuffer.cpp">
      <Filter>Source Files\util</Filter>
    </ClCompile>
    <ClCompile Include="src\ee\thread.opcodes.cpp">
      <Filter>Source Files\ee</Filter>
    </ClCompile>
    <ClCompile Include="src\object\type.cpp">
      <Filter>Source Files\object</Filter>
    </ClCompile>
    <ClCompile Include="src\object\value.cpp">
      <Filter>Source Files\object</Filter>
    </ClCompile>
    <ClCompile Include="src\debug\debugsymbols.cpp">
      <Filter>Source Files\debug</Filter>
    </ClCompile>
    <ClCompile Include="src\ee\thread.methodinitializer.cpp">
      <Filter>Source Files\ee</Filter>
    </ClCompile>
    <ClCompile Include="src\gc\stringtable.cpp">
      <Filter>Source Files\gc</Filter>
    </ClCompile>
    <ClCompile Include="src\res\staticstrings.cpp">
      <Filter>Source Files\res</Filter>
    </ClCompile>
    <ClCompile Include="src\object\member.cpp">
      <Filter>Source Files\object</Filter>
    </ClCompile>
    <ClCompile Include="src\object\field.cpp">
      <Filter>Source Files\object</Filter>
    </ClCompile>
    <ClCompile Include="src\object\property.cpp">
      <Filter>Source Files\object</Filter>
    </ClCompile>
    <ClCompile Include="src\object\method.cpp">
      <Filter>Source Files\object</Filter>
    </ClCompile>
    <ClCompile Include="src\gc\gcobject.cpp">
      <Filter>Source Files\gc</Filter>
    </ClCompile>
    <ClCompile Include="src\module\modulepool.cpp">
      <Filter>Source Files\module</Filter>
    </ClCompile>
    <ClCompile Include="src\object\standardtypeinfo.cpp">
      <Filter>Source Files\object</Filter>
    </ClCompile>
  </ItemGroup>
</Project>