<?xml version="1.0" encoding="utf-8"?>
<Project ToolsVersion="4.0" xmlns="http://schemas.microsoft.com/developer/msbuild/2003">
  <ItemGroup>
    <Filter Include="Source Files">
      <UniqueIdentifier>{4FC737F1-C7A5-4376-A066-2A32D752A2FF}</UniqueIdentifier>
      <Extensions>cpp;c;cc;cxx;def;odl;idl;hpj;bat;asm;asmx</Extensions>
    </Filter>
    <Filter Include="Header Files">
      <UniqueIdentifier>{93995380-89BD-4b04-88EB-625FBE52EBFB}</UniqueIdentifier>
      <Extensions>h;hpp;hxx;hm;inl;inc;xsd</Extensions>
    </Filter>
    <Filter Include="Source Files\aves">
      <UniqueIdentifier>{7f84ad72-728b-419c-a460-67516f177827}</UniqueIdentifier>
    </Filter>
    <Filter Include="Header Files\aves">
      <UniqueIdentifier>{9cd2651b-1241-4607-a3c3-42aadbeb0604}</UniqueIdentifier>
    </Filter>
    <Filter Include="Header Files\io">
      <UniqueIdentifier>{e98e0139-f083-4654-aeee-37bc5f310978}</UniqueIdentifier>
    </Filter>
    <Filter Include="Source Files\io">
      <UniqueIdentifier>{02adfbd2-1117-4163-8e89-fe37abd2594d}</UniqueIdentifier>
    </Filter>
    <Filter Include="Header Files\aves\reflection">
      <UniqueIdentifier>{b14bb0a4-d7bb-4f24-90a2-90bb94d8bd97}</UniqueIdentifier>
    </Filter>
    <Filter Include="Source Files\aves\reflection">
      <UniqueIdentifier>{fbc194d0-0d31-40aa-92d7-5ff5e4949bee}</UniqueIdentifier>
    </Filter>
    <Filter Include="Header Files\os">
      <UniqueIdentifier>{b5df2f5a-3531-4675-b9bb-c88958cf0b93}</UniqueIdentifier>
    </Filter>
    <Filter Include="Header Files\os\windows">
      <UniqueIdentifier>{30545b8a-5f2a-49bf-b5f9-be15b84c5ab3}</UniqueIdentifier>
    </Filter>
    <Filter Include="Source Files\os">
      <UniqueIdentifier>{d166184b-d342-4343-9f5b-25427a25c3bd}</UniqueIdentifier>
    </Filter>
    <Filter Include="Source Files\os\windows">
      <UniqueIdentifier>{fe639808-8420-43c4-ba42-e9c06a50535f}</UniqueIdentifier>
    </Filter>
    <Filter Include="Source Files\ext">
      <UniqueIdentifier>{011bc538-efde-4852-8d27-76df12ce7440}</UniqueIdentifier>
    </Filter>
    <Filter Include="Header Files\ext">
      <UniqueIdentifier>{d8b96132-f133-4937-b0fc-6fc1aab140c1}</UniqueIdentifier>
    </Filter>
  </ItemGroup>
  <ItemGroup>
    <ClInclude Include="cpp\aves\uint.h">
      <Filter>Header Files\aves</Filter>
    </ClInclude>
    <ClInclude Include="cpp\aves\boolean.h">
      <Filter>Header Files\aves</Filter>
    </ClInclude>
    <ClInclude Include="cpp\aves\buffer.h">
      <Filter>Header Files\aves</Filter>
    </ClInclude>
    <ClInclude Include="cpp\aves\console.h">
      <Filter>Header Files\aves</Filter>
    </ClInclude>
    <ClInclude Include="cpp\aves\enum.h">
      <Filter>Header Files\aves</Filter>
    </ClInclude>
    <ClInclude Include="cpp\aves\env.h">
      <Filter>Header Files\aves</Filter>
    </ClInclude>
    <ClInclude Include="cpp\aves\error.h">
      <Filter>Header Files\aves</Filter>
    </ClInclude>
    <ClInclude Include="cpp\aves\hash.h">
      <Filter>Header Files\aves</Filter>
    </ClInclude>
    <ClInclude Include="cpp\aves\helpers.h">
      <Filter>Header Files\aves</Filter>
    </ClInclude>
    <ClInclude Include="cpp\aves\int.h">
      <Filter>Header Files\aves</Filter>
    </ClInclude>
    <ClInclude Include="cpp\aves\list.h">
      <Filter>Header Files\aves</Filter>
    </ClInclude>
    <ClInclude Include="cpp\aves\method.h">
      <Filter>Header Files\aves</Filter>
    </ClInclude>
    <ClInclude Include="cpp\aves\aves.h">
      <Filter>Header Files\aves</Filter>
    </ClInclude>
    <ClInclude Include="cpp\aves\object.h">
      <Filter>Header Files\aves</Filter>
    </ClInclude>
    <ClInclude Include="cpp\aves\real.h">
      <Filter>Header Files\aves</Filter>
    </ClInclude>
    <ClInclude Include="cpp\aves\set.h">
      <Filter>Header Files\aves</Filter>
    </ClInclude>
    <ClInclude Include="cpp\aves\string.h">
      <Filter>Header Files\aves</Filter>
    </ClInclude>
    <ClInclude Include="cpp\aves\stringbuffer.h">
      <Filter>Header Files\aves</Filter>
    </ClInclude>
    <ClInclude Include="cpp\aves.h">
      <Filter>Header Files</Filter>
    </ClInclude>
    <ClInclude Include="cpp\io\path.h">
      <Filter>Header Files\io</Filter>
    </ClInclude>
    <ClInclude Include="cpp\io\io.h">
      <Filter>Header Files\io</Filter>
    </ClInclude>
    <ClInclude Include="cpp\io\file.h">
      <Filter>Header Files\io</Filter>
    </ClInclude>
    <ClInclude Include="cpp\shared_strings.h">
      <Filter>Header Files</Filter>
    </ClInclude>
    <ClInclude Include="cpp\aves\utf8encoding.h">
      <Filter>Header Files\aves</Filter>
    </ClInclude>
    <ClInclude Include="cpp\aves\utf16encoding.h">
      <Filter>Header Files\aves</Filter>
    </ClInclude>
    <ClInclude Include="cpp\io\directory.h">
      <Filter>Header Files\io</Filter>
    </ClInclude>
    <ClInclude Include="cpp\aves\char.h">
      <Filter>Header Files\aves</Filter>
    </ClInclude>
    <ClInclude Include="cpp\aves\gc.h">
      <Filter>Header Files\aves</Filter>
    </ClInclude>
    <ClInclude Include="cpp\aves\reflection\type.h">
      <Filter>Header Files\aves\reflection</Filter>
    </ClInclude>
    <ClInclude Include="cpp\os\windows\windows.h">
      <Filter>Header Files\os\windows</Filter>
    </ClInclude>
    <ClInclude Include="cpp\aves\reflection\nativehandle.h">
      <Filter>Header Files\aves\reflection</Filter>
    </ClInclude>
    <ClInclude Include="cpp\aves\reflection\field.h">
      <Filter>Header Files\aves\reflection</Filter>
    </ClInclude>
    <ClInclude Include="cpp\aves\reflection\overload.h">
      <Filter>Header Files\aves\reflection</Filter>
    </ClInclude>
    <ClInclude Include="cpp\aves\reflection\methodbase.h">
      <Filter>Header Files\aves\reflection</Filter>
    </ClInclude>
    <ClInclude Include="cpp\aves\reflection\property.h">
      <Filter>Header Files\aves\reflection</Filter>
    </ClInclude>
    <ClInclude Include="cpp\aves\reflection\module.h">
      <Filter>Header Files\aves\reflection</Filter>
    </ClInclude>
    <ClInclude Include="cpp\io\textreader.h">
      <Filter>Header Files\io</Filter>
    </ClInclude>
    <ClInclude Include="cpp\aves_state.h">
      <Filter>Header Files</Filter>
    </ClInclude>
    <ClInclude Include="cpp\aves\math.h">
      <Filter>Header Files\aves</Filter>
    </ClInclude>
    <ClInclude Include="cpp\ext\dtoa.config.h">
      <Filter>Header Files\ext</Filter>
    </ClInclude>
  </ItemGroup>
  <ItemGroup>
    <ClCompile Include="cpp\aves.cpp">
      <Filter>Source Files</Filter>
    </ClCompile>
    <ClCompile Include="cpp\aves\boolean.cpp">
      <Filter>Source Files\aves</Filter>
    </ClCompile>
    <ClCompile Include="cpp\aves\buffer.cpp">
      <Filter>Source Files\aves</Filter>
    </ClCompile>
    <ClCompile Include="cpp\aves\console.cpp">
      <Filter>Source Files\aves</Filter>
    </ClCompile>
    <ClCompile Include="cpp\aves\enum.cpp">
      <Filter>Source Files\aves</Filter>
    </ClCompile>
    <ClCompile Include="cpp\aves\env.cpp">
      <Filter>Source Files\aves</Filter>
    </ClCompile>
    <ClCompile Include="cpp\aves\error.cpp">
      <Filter>Source Files\aves</Filter>
    </ClCompile>
    <ClCompile Include="cpp\aves\hash.cpp">
      <Filter>Source Files\aves</Filter>
    </ClCompile>
    <ClCompile Include="cpp\aves\helpers.cpp">
      <Filter>Source Files\aves</Filter>
    </ClCompile>
    <ClCompile Include="cpp\aves\int.cpp">
      <Filter>Source Files\aves</Filter>
    </ClCompile>
    <ClCompile Include="cpp\aves\list.cpp">
      <Filter>Source Files\aves</Filter>
    </ClCompile>
    <ClCompile Include="cpp\aves\method.cpp">
      <Filter>Source Files\aves</Filter>
    </ClCompile>
    <ClCompile Include="cpp\aves\object.cpp">
      <Filter>Source Files\aves</Filter>
    </ClCompile>
    <ClCompile Include="cpp\aves\real.cpp">
      <Filter>Source Files\aves</Filter>
    </ClCompile>
    <ClCompile Include="cpp\aves\set.cpp">
      <Filter>Source Files\aves</Filter>
    </ClCompile>
    <ClCompile Include="cpp\aves\string.cpp">
      <Filter>Source Files\aves</Filter>
    </ClCompile>
    <ClCompile Include="cpp\aves\stringbuffer.cpp">
      <Filter>Source Files\aves</Filter>
    </ClCompile>
    <ClCompile Include="cpp\aves\uint.cpp">
      <Filter>Source Files\aves</Filter>
    </ClCompile>
    <ClCompile Include="cpp\io\path.cpp">
      <Filter>Source Files\io</Filter>
    </ClCompile>
    <ClCompile Include="cpp\io\io.cpp">
      <Filter>Source Files\io</Filter>
    </ClCompile>
    <ClCompile Include="cpp\io\file.cpp">
      <Filter>Source Files\io</Filter>
    </ClCompile>
    <ClCompile Include="cpp\shared_strings.cpp">
      <Filter>Source Files</Filter>
    </ClCompile>
    <ClCompile Include="cpp\aves\utf8encoding.cpp">
      <Filter>Source Files\aves</Filter>
    </ClCompile>
    <ClCompile Include="cpp\aves\utf16encoding.cpp">
      <Filter>Source Files\aves</Filter>
    </ClCompile>
    <ClCompile Include="cpp\aves\char.cpp">
      <Filter>Source Files\aves</Filter>
    </ClCompile>
    <ClCompile Include="cpp\aves\gc.cpp">
      <Filter>Source Files\aves</Filter>
    </ClCompile>
    <ClCompile Include="cpp\aves\reflection\type.cpp">
      <Filter>Source Files\aves\reflection</Filter>
    </ClCompile>
    <ClCompile Include="cpp\os\windows\dllmain.cpp">
      <Filter>Source Files\os\windows</Filter>
    </ClCompile>
    <ClCompile Include="cpp\os\windows\windows.cpp">
      <Filter>Source Files\os\windows</Filter>
    </ClCompile>
    <ClCompile Include="cpp\aves\reflection\nativehandle.cpp">
      <Filter>Source Files\aves\reflection</Filter>
    </ClCompile>
    <ClCompile Include="cpp\aves\reflection\field.cpp">
      <Filter>Source Files\aves\reflection</Filter>
    </ClCompile>
    <ClCompile Include="cpp\aves\reflection\overload.cpp">
      <Filter>Source Files\aves\reflection</Filter>
    </ClCompile>
    <ClCompile Include="cpp\aves\reflection\methodbase.cpp">
      <Filter>Source Files\aves\reflection</Filter>
    </ClCompile>
    <ClCompile Include="cpp\aves\reflection\property.cpp">
      <Filter>Source Files\aves\reflection</Filter>
    </ClCompile>
    <ClCompile Include="cpp\aves\reflection\module.cpp">
      <Filter>Source Files\aves\reflection</Filter>
    </ClCompile>
    <ClCompile Include="cpp\io\textreader.cpp">
      <Filter>Source Files\io</Filter>
    </ClCompile>
    <ClCompile Include="cpp\aves_state.cpp">
      <Filter>Source Files</Filter>
    </ClCompile>
    <ClCompile Include="cpp\io\directory.cpp">
      <Filter>Source Files\io</Filter>
    </ClCompile>
    <ClCompile Include="cpp\aves\math.cpp">
      <Filter>Source Files\aves</Filter>
    </ClCompile>
    <ClCompile Include="cpp\ext\dtoa.c">
      <Filter>Source Files\ext</Filter>
    </ClCompile>
  </ItemGroup>
</Project>